// !$*UTF8*$!
{
	archiveVersion = 1;
	classes = {
	};
	objectVersion = 55;
	objects = {

/* Begin PBXBuildFile section */
		481724A9286C8450008237CF /* Just3DaysApp.swift in Sources */ = {isa = PBXBuildFile; fileRef = 481724A8286C8450008237CF /* Just3DaysApp.swift */; };
		481724AB286C8450008237CF /* ContentView.swift in Sources */ = {isa = PBXBuildFile; fileRef = 481724AA286C8450008237CF /* ContentView.swift */; };
		481724AD286C8451008237CF /* Assets.xcassets in Resources */ = {isa = PBXBuildFile; fileRef = 481724AC286C8451008237CF /* Assets.xcassets */; };
		481724B0286C8451008237CF /* Preview Assets.xcassets in Resources */ = {isa = PBXBuildFile; fileRef = 481724AF286C8451008237CF /* Preview Assets.xcassets */; };
		481724BA286C8451008237CF /* Just3DaysTests.swift in Sources */ = {isa = PBXBuildFile; fileRef = 481724B9286C8451008237CF /* Just3DaysTests.swift */; };
		481724C4286C8451008237CF /* Just3DaysUITests.swift in Sources */ = {isa = PBXBuildFile; fileRef = 481724C3286C8451008237CF /* Just3DaysUITests.swift */; };
		481724C6286C8451008237CF /* Just3DaysUITestsLaunchTests.swift in Sources */ = {isa = PBXBuildFile; fileRef = 481724C5286C8451008237CF /* Just3DaysUITestsLaunchTests.swift */; };
		481724D4286C8550008237CF /* Mission.swift in Sources */ = {isa = PBXBuildFile; fileRef = 481724D3286C8550008237CF /* Mission.swift */; };
/* End PBXBuildFile section */

/* Begin PBXContainerItemProxy section */
		481724B6286C8451008237CF /* PBXContainerItemProxy */ = {
			isa = PBXContainerItemProxy;
			containerPortal = 4817249D286C8450008237CF /* Project object */;
			proxyType = 1;
			remoteGlobalIDString = 481724A4286C8450008237CF;
			remoteInfo = Just3Days;
		};
		481724C0286C8451008237CF /* PBXContainerItemProxy */ = {
			isa = PBXContainerItemProxy;
			containerPortal = 4817249D286C8450008237CF /* Project object */;
			proxyType = 1;
			remoteGlobalIDString = 481724A4286C8450008237CF;
			remoteInfo = Just3Days;
		};
/* End PBXContainerItemProxy section */

/* Begin PBXFileReference section */
		481724A5286C8450008237CF /* Just3Days.app */ = {isa = PBXFileReference; explicitFileType = wrapper.application; includeInIndex = 0; path = Just3Days.app; sourceTree = BUILT_PRODUCTS_DIR; };
		481724A8286C8450008237CF /* Just3DaysApp.swift */ = {isa = PBXFileReference; lastKnownFileType = sourcecode.swift; path = Just3DaysApp.swift; sourceTree = "<group>"; };
		481724AA286C8450008237CF /* ContentView.swift */ = {isa = PBXFileReference; lastKnownFileType = sourcecode.swift; path = ContentView.swift; sourceTree = "<group>"; };
		481724AC286C8451008237CF /* Assets.xcassets */ = {isa = PBXFileReference; lastKnownFileType = folder.assetcatalog; path = Assets.xcassets; sourceTree = "<group>"; };
		481724AF286C8451008237CF /* Preview Assets.xcassets */ = {isa = PBXFileReference; lastKnownFileType = folder.assetcatalog; path = "Preview Assets.xcassets"; sourceTree = "<group>"; };
		481724B5286C8451008237CF /* Just3DaysTests.xctest */ = {isa = PBXFileReference; explicitFileType = wrapper.cfbundle; includeInIndex = 0; path = Just3DaysTests.xctest; sourceTree = BUILT_PRODUCTS_DIR; };
		481724B9286C8451008237CF /* Just3DaysTests.swift */ = {isa = PBXFileReference; lastKnownFileType = sourcecode.swift; path = Just3DaysTests.swift; sourceTree = "<group>"; };
		481724BF286C8451008237CF /* Just3DaysUITests.xctest */ = {isa = PBXFileReference; explicitFileType = wrapper.cfbundle; includeInIndex = 0; path = Just3DaysUITests.xctest; sourceTree = BUILT_PRODUCTS_DIR; };
		481724C3286C8451008237CF /* Just3DaysUITests.swift */ = {isa = PBXFileReference; lastKnownFileType = sourcecode.swift; path = Just3DaysUITests.swift; sourceTree = "<group>"; };
		481724C5286C8451008237CF /* Just3DaysUITestsLaunchTests.swift */ = {isa = PBXFileReference; lastKnownFileType = sourcecode.swift; path = Just3DaysUITestsLaunchTests.swift; sourceTree = "<group>"; };
		481724D3286C8550008237CF /* Mission.swift */ = {isa = PBXFileReference; lastKnownFileType = sourcecode.swift; path = Mission.swift; sourceTree = "<group>"; };
/* End PBXFileReference section */

/* Begin PBXFrameworksBuildPhase section */
		481724A2286C8450008237CF /* Frameworks */ = {
			isa = PBXFrameworksBuildPhase;
			buildActionMask = 2147483647;
			files = (
			);
			runOnlyForDeploymentPostprocessing = 0;
		};
		481724B2286C8451008237CF /* Frameworks */ = {
			isa = PBXFrameworksBuildPhase;
			buildActionMask = 2147483647;
			files = (
			);
			runOnlyForDeploymentPostprocessing = 0;
		};
		481724BC286C8451008237CF /* Frameworks */ = {
			isa = PBXFrameworksBuildPhase;
			buildActionMask = 2147483647;
			files = (
			);
			runOnlyForDeploymentPostprocessing = 0;
		};
/* End PBXFrameworksBuildPhase section */

/* Begin PBXGroup section */
		4817249C286C8450008237CF = {
			isa = PBXGroup;
			children = (
				481724A7286C8450008237CF /* Just3Days */,
				481724B8286C8451008237CF /* Just3DaysTests */,
				481724C2286C8451008237CF /* Just3DaysUITests */,
				481724A6286C8450008237CF /* Products */,
			);
			sourceTree = "<group>";
		};
		481724A6286C8450008237CF /* Products */ = {
			isa = PBXGroup;
			children = (
				481724A5286C8450008237CF /* Just3Days.app */,
				481724B5286C8451008237CF /* Just3DaysTests.xctest */,
				481724BF286C8451008237CF /* Just3DaysUITests.xctest */,
			);
			name = Products;
			sourceTree = "<group>";
		};
		481724A7286C8450008237CF /* Just3Days */ = {
			isa = PBXGroup;
			children = (
				481724D2286C851E008237CF /* Model */,
				481724A8286C8450008237CF /* Just3DaysApp.swift */,
				481724AA286C8450008237CF /* ContentView.swift */,
				481724AC286C8451008237CF /* Assets.xcassets */,
				481724AE286C8451008237CF /* Preview Content */,
			);
			path = Just3Days;
			sourceTree = "<group>";
		};
		481724AE286C8451008237CF /* Preview Content */ = {
			isa = PBXGroup;
			children = (
				481724AF286C8451008237CF /* Preview Assets.xcassets */,
			);
			path = "Preview Content";
			sourceTree = "<group>";
		};
		481724B8286C8451008237CF /* Just3DaysTests */ = {
			isa = PBXGroup;
			children = (
				481724B9286C8451008237CF /* Just3DaysTests.swift */,
			);
			path = Just3DaysTests;
			sourceTree = "<group>";
		};
		481724C2286C8451008237CF /* Just3DaysUITests */ = {
			isa = PBXGroup;
			children = (
				481724C3286C8451008237CF /* Just3DaysUITests.swift */,
				481724C5286C8451008237CF /* Just3DaysUITestsLaunchTests.swift */,
			);
			path = Just3DaysUITests;
			sourceTree = "<group>";
		};
		481724D2286C851E008237CF /* Model */ = {
			isa = PBXGroup;
			children = (
				481724D3286C8550008237CF /* Mission.swift */,
			);
			path = Model;
			sourceTree = "<group>";
		};
/* End PBXGroup section */

/* Begin PBXNativeTarget section */
		481724A4286C8450008237CF /* Just3Days */ = {
			isa = PBXNativeTarget;
			buildConfigurationList = 481724C9286C8451008237CF /* Build configuration list for PBXNativeTarget "Just3Days" */;
			buildPhases = (
				481724A1286C8450008237CF /* Sources */,
				481724A2286C8450008237CF /* Frameworks */,
				481724A3286C8450008237CF /* Resources */,
			);
			buildRules = (
			);
			dependencies = (
			);
			name = Just3Days;
			productName = Just3Days;
			productReference = 481724A5286C8450008237CF /* Just3Days.app */;
			productType = "com.apple.product-type.application";
		};
		481724B4286C8451008237CF /* Just3DaysTests */ = {
			isa = PBXNativeTarget;
			buildConfigurationList = 481724CC286C8451008237CF /* Build configuration list for PBXNativeTarget "Just3DaysTests" */;
			buildPhases = (
				481724B1286C8451008237CF /* Sources */,
				481724B2286C8451008237CF /* Frameworks */,
				481724B3286C8451008237CF /* Resources */,
			);
			buildRules = (
			);
			dependencies = (
				481724B7286C8451008237CF /* PBXTargetDependency */,
			);
			name = Just3DaysTests;
			productName = Just3DaysTests;
			productReference = 481724B5286C8451008237CF /* Just3DaysTests.xctest */;
			productType = "com.apple.product-type.bundle.unit-test";
		};
		481724BE286C8451008237CF /* Just3DaysUITests */ = {
			isa = PBXNativeTarget;
			buildConfigurationList = 481724CF286C8451008237CF /* Build configuration list for PBXNativeTarget "Just3DaysUITests" */;
			buildPhases = (
				481724BB286C8451008237CF /* Sources */,
				481724BC286C8451008237CF /* Frameworks */,
				481724BD286C8451008237CF /* Resources */,
			);
			buildRules = (
			);
			dependencies = (
				481724C1286C8451008237CF /* PBXTargetDependency */,
			);
			name = Just3DaysUITests;
			productName = Just3DaysUITests;
			productReference = 481724BF286C8451008237CF /* Just3DaysUITests.xctest */;
			productType = "com.apple.product-type.bundle.ui-testing";
		};
/* End PBXNativeTarget section */

/* Begin PBXProject section */
		4817249D286C8450008237CF /* Project object */ = {
			isa = PBXProject;
			attributes = {
				BuildIndependentTargetsInParallel = 1;
				LastSwiftUpdateCheck = 1320;
				LastUpgradeCheck = 1320;
				TargetAttributes = {
					481724A4286C8450008237CF = {
						CreatedOnToolsVersion = 13.2.1;
					};
					481724B4286C8451008237CF = {
						CreatedOnToolsVersion = 13.2.1;
						TestTargetID = 481724A4286C8450008237CF;
					};
					481724BE286C8451008237CF = {
						CreatedOnToolsVersion = 13.2.1;
						TestTargetID = 481724A4286C8450008237CF;
					};
				};
			};
			buildConfigurationList = 481724A0286C8450008237CF /* Build configuration list for PBXProject "Just3Days" */;
			compatibilityVersion = "Xcode 13.0";
			developmentRegion = en;
			hasScannedForEncodings = 0;
			knownRegions = (
				en,
				Base,
			);
			mainGroup = 4817249C286C8450008237CF;
			productRefGroup = 481724A6286C8450008237CF /* Products */;
			projectDirPath = "";
			projectRoot = "";
			targets = (
				481724A4286C8450008237CF /* Just3Days */,
				481724B4286C8451008237CF /* Just3DaysTests */,
				481724BE286C8451008237CF /* Just3DaysUITests */,
			);
		};
/* End PBXProject section */

/* Begin PBXResourcesBuildPhase section */
		481724A3286C8450008237CF /* Resources */ = {
			isa = PBXResourcesBuildPhase;
			buildActionMask = 2147483647;
			files = (
				481724B0286C8451008237CF /* Preview Assets.xcassets in Resources */,
				481724AD286C8451008237CF /* Assets.xcassets in Resources */,
			);
			runOnlyForDeploymentPostprocessing = 0;
		};
		481724B3286C8451008237CF /* Resources */ = {
			isa = PBXResourcesBuildPhase;
			buildActionMask = 2147483647;
			files = (
			);
			runOnlyForDeploymentPostprocessing = 0;
		};
		481724BD286C8451008237CF /* Resources */ = {
			isa = PBXResourcesBuildPhase;
			buildActionMask = 2147483647;
			files = (
			);
			runOnlyForDeploymentPostprocessing = 0;
		};
/* End PBXResourcesBuildPhase section */

/* Begin PBXSourcesBuildPhase section */
		481724A1286C8450008237CF /* Sources */ = {
			isa = PBXSourcesBuildPhase;
			buildActionMask = 2147483647;
			files = (
				481724D4286C8550008237CF /* Mission.swift in Sources */,
				481724AB286C8450008237CF /* ContentView.swift in Sources */,
				481724A9286C8450008237CF /* Just3DaysApp.swift in Sources */,
			);
			runOnlyForDeploymentPostprocessing = 0;
		};
		481724B1286C8451008237CF /* Sources */ = {
			isa = PBXSourcesBuildPhase;
			buildActionMask = 2147483647;
			files = (
				481724BA286C8451008237CF /* Just3DaysTests.swift in Sources */,
			);
			runOnlyForDeploymentPostprocessing = 0;
		};
		481724BB286C8451008237CF /* Sources */ = {
			isa = PBXSourcesBuildPhase;
			buildActionMask = 2147483647;
			files = (
				481724C4286C8451008237CF /* Just3DaysUITests.swift in Sources */,
				481724C6286C8451008237CF /* Just3DaysUITestsLaunchTests.swift in Sources */,
			);
			runOnlyForDeploymentPostprocessing = 0;
		};
/* End PBXSourcesBuildPhase section */

/* Begin PBXTargetDependency section */
		481724B7286C8451008237CF /* PBXTargetDependency */ = {
			isa = PBXTargetDependency;
			target = 481724A4286C8450008237CF /* Just3Days */;
			targetProxy = 481724B6286C8451008237CF /* PBXContainerItemProxy */;
		};
		481724C1286C8451008237CF /* PBXTargetDependency */ = {
			isa = PBXTargetDependency;
			target = 481724A4286C8450008237CF /* Just3Days */;
			targetProxy = 481724C0286C8451008237CF /* PBXContainerItemProxy */;
		};
/* End PBXTargetDependency section */

/* Begin XCBuildConfiguration section */
		481724C7286C8451008237CF /* Debug */ = {
			isa = XCBuildConfiguration;
			buildSettings = {
				ALWAYS_SEARCH_USER_PATHS = NO;
				CLANG_ANALYZER_NONNULL = YES;
				CLANG_ANALYZER_NUMBER_OBJECT_CONVERSION = YES_AGGRESSIVE;
				CLANG_CXX_LANGUAGE_STANDARD = "gnu++17";
				CLANG_CXX_LIBRARY = "libc++";
				CLANG_ENABLE_MODULES = YES;
				CLANG_ENABLE_OBJC_ARC = YES;
				CLANG_ENABLE_OBJC_WEAK = YES;
				CLANG_WARN_BLOCK_CAPTURE_AUTORELEASING = YES;
				CLANG_WARN_BOOL_CONVERSION = YES;
				CLANG_WARN_COMMA = YES;
				CLANG_WARN_CONSTANT_CONVERSION = YES;
				CLANG_WARN_DEPRECATED_OBJC_IMPLEMENTATIONS = YES;
				CLANG_WARN_DIRECT_OBJC_ISA_USAGE = YES_ERROR;
				CLANG_WARN_DOCUMENTATION_COMMENTS = YES;
				CLANG_WARN_EMPTY_BODY = YES;
				CLANG_WARN_ENUM_CONVERSION = YES;
				CLANG_WARN_INFINITE_RECURSION = YES;
				CLANG_WARN_INT_CONVERSION = YES;
				CLANG_WARN_NON_LITERAL_NULL_CONVERSION = YES;
				CLANG_WARN_OBJC_IMPLICIT_RETAIN_SELF = YES;
				CLANG_WARN_OBJC_LITERAL_CONVERSION = YES;
				CLANG_WARN_OBJC_ROOT_CLASS = YES_ERROR;
				CLANG_WARN_QUOTED_INCLUDE_IN_FRAMEWORK_HEADER = YES;
				CLANG_WARN_RANGE_LOOP_ANALYSIS = YES;
				CLANG_WARN_STRICT_PROTOTYPES = YES;
				CLANG_WARN_SUSPICIOUS_MOVE = YES;
				CLANG_WARN_UNGUARDED_AVAILABILITY = YES_AGGRESSIVE;
				CLANG_WARN_UNREACHABLE_CODE = YES;
				CLANG_WARN__DUPLICATE_METHOD_MATCH = YES;
				COPY_PHASE_STRIP = NO;
				DEBUG_INFORMATION_FORMAT = dwarf;
				ENABLE_STRICT_OBJC_MSGSEND = YES;
				ENABLE_TESTABILITY = YES;
				GCC_C_LANGUAGE_STANDARD = gnu11;
				GCC_DYNAMIC_NO_PIC = NO;
				GCC_NO_COMMON_BLOCKS = YES;
				GCC_OPTIMIZATION_LEVEL = 0;
				GCC_PREPROCESSOR_DEFINITIONS = (
					"DEBUG=1",
					"$(inherited)",
				);
				GCC_WARN_64_TO_32_BIT_CONVERSION = YES;
				GCC_WARN_ABOUT_RETURN_TYPE = YES_ERROR;
				GCC_WARN_UNDECLARED_SELECTOR = YES;
				GCC_WARN_UNINITIALIZED_AUTOS = YES_AGGRESSIVE;
				GCC_WARN_UNUSED_FUNCTION = YES;
				GCC_WARN_UNUSED_VARIABLE = YES;
				IPHONEOS_DEPLOYMENT_TARGET = 15.2;
				MTL_ENABLE_DEBUG_INFO = INCLUDE_SOURCE;
				MTL_FAST_MATH = YES;
				ONLY_ACTIVE_ARCH = YES;
				SDKROOT = iphoneos;
				SWIFT_ACTIVE_COMPILATION_CONDITIONS = DEBUG;
				SWIFT_OPTIMIZATION_LEVEL = "-Onone";
			};
			name = Debug;
		};
		481724C8286C8451008237CF /* Release */ = {
			isa = XCBuildConfiguration;
			buildSettings = {
				ALWAYS_SEARCH_USER_PATHS = NO;
				CLANG_ANALYZER_NONNULL = YES;
				CLANG_ANALYZER_NUMBER_OBJECT_CONVERSION = YES_AGGRESSIVE;
				CLANG_CXX_LANGUAGE_STANDARD = "gnu++17";
				CLANG_CXX_LIBRARY = "libc++";
				CLANG_ENABLE_MODULES = YES;
				CLANG_ENABLE_OBJC_ARC = YES;
				CLANG_ENABLE_OBJC_WEAK = YES;
				CLANG_WARN_BLOCK_CAPTURE_AUTORELEASING = YES;
				CLANG_WARN_BOOL_CONVERSION = YES;
				CLANG_WARN_COMMA = YES;
				CLANG_WARN_CONSTANT_CONVERSION = YES;
				CLANG_WARN_DEPRECATED_OBJC_IMPLEMENTATIONS = YES;
				CLANG_WARN_DIRECT_OBJC_ISA_USAGE = YES_ERROR;
				CLANG_WARN_DOCUMENTATION_COMMENTS = YES;
				CLANG_WARN_EMPTY_BODY = YES;
				CLANG_WARN_ENUM_CONVERSION = YES;
				CLANG_WARN_INFINITE_RECURSION = YES;
				CLANG_WARN_INT_CONVERSION = YES;
				CLANG_WARN_NON_LITERAL_NULL_CONVERSION = YES;
				CLANG_WARN_OBJC_IMPLICIT_RETAIN_SELF = YES;
				CLANG_WARN_OBJC_LITERAL_CONVERSION = YES;
				CLANG_WARN_OBJC_ROOT_CLASS = YES_ERROR;
				CLANG_WARN_QUOTED_INCLUDE_IN_FRAMEWORK_HEADER = YES;
				CLANG_WARN_RANGE_LOOP_ANALYSIS = YES;
				CLANG_WARN_STRICT_PROTOTYPES = YES;
				CLANG_WARN_SUSPICIOUS_MOVE = YES;
				CLANG_WARN_UNGUARDED_AVAILABILITY = YES_AGGRESSIVE;
				CLANG_WARN_UNREACHABLE_CODE = YES;
				CLANG_WARN__DUPLICATE_METHOD_MATCH = YES;
				COPY_PHASE_STRIP = NO;
				DEBUG_INFORMATION_FORMAT = "dwarf-with-dsym";
				ENABLE_NS_ASSERTIONS = NO;
				ENABLE_STRICT_OBJC_MSGSEND = YES;
				GCC_C_LANGUAGE_STANDARD = gnu11;
				GCC_NO_COMMON_BLOCKS = YES;
				GCC_WARN_64_TO_32_BIT_CONVERSION = YES;
				GCC_WARN_ABOUT_RETURN_TYPE = YES_ERROR;
				GCC_WARN_UNDECLARED_SELECTOR = YES;
				GCC_WARN_UNINITIALIZED_AUTOS = YES_AGGRESSIVE;
				GCC_WARN_UNUSED_FUNCTION = YES;
				GCC_WARN_UNUSED_VARIABLE = YES;
				IPHONEOS_DEPLOYMENT_TARGET = 15.2;
				MTL_ENABLE_DEBUG_INFO = NO;
				MTL_FAST_MATH = YES;
				SDKROOT = iphoneos;
				SWIFT_COMPILATION_MODE = wholemodule;
				SWIFT_OPTIMIZATION_LEVEL = "-O";
				VALIDATE_PRODUCT = YES;
			};
			name = Release;
		};
		481724CA286C8451008237CF /* Debug */ = {
			isa = XCBuildConfiguration;
			buildSettings = {
				ASSETCATALOG_COMPILER_APPICON_NAME = AppIcon;
				ASSETCATALOG_COMPILER_GLOBAL_ACCENT_COLOR_NAME = AccentColor;
				CODE_SIGN_STYLE = Automatic;
				CURRENT_PROJECT_VERSION = 1;
				DEVELOPMENT_ASSET_PATHS = "\"Just3Days/Preview Content\"";
				ENABLE_PREVIEWS = YES;
				GENERATE_INFOPLIST_FILE = YES;
				INFOPLIST_KEY_UIApplicationSceneManifest_Generation = YES;
				INFOPLIST_KEY_UIApplicationSupportsIndirectInputEvents = YES;
				INFOPLIST_KEY_UILaunchScreen_Generation = YES;
				INFOPLIST_KEY_UISupportedInterfaceOrientations_iPad = "UIInterfaceOrientationPortrait UIInterfaceOrientationPortraitUpsideDown UIInterfaceOrientationLandscapeLeft UIInterfaceOrientationLandscapeRight";
				INFOPLIST_KEY_UISupportedInterfaceOrientations_iPhone = "UIInterfaceOrientationPortrait UIInterfaceOrientationLandscapeLeft UIInterfaceOrientationLandscapeRight";
				LD_RUNPATH_SEARCH_PATHS = (
					"$(inherited)",
					"@executable_path/Frameworks",
				);
				MARKETING_VERSION = 1.0;
				PRODUCT_BUNDLE_IDENTIFIER = sy.Just3Days;
				PRODUCT_NAME = "$(TARGET_NAME)";
				SWIFT_EMIT_LOC_STRINGS = YES;
				SWIFT_VERSION = 5.0;
				TARGETED_DEVICE_FAMILY = "1,2";
			};
			name = Debug;
		};
		481724CB286C8451008237CF /* Release */ = {
			isa = XCBuildConfiguration;
			buildSettings = {
				ASSETCATALOG_COMPILER_APPICON_NAME = AppIcon;
				ASSETCATALOG_COMPILER_GLOBAL_ACCENT_COLOR_NAME = AccentColor;
				CODE_SIGN_STYLE = Automatic;
				CURRENT_PROJECT_VERSION = 1;
				DEVELOPMENT_ASSET_PATHS = "\"Just3Days/Preview Content\"";
				ENABLE_PREVIEWS = YES;
				GENERATE_INFOPLIST_FILE = YES;
				INFOPLIST_KEY_UIApplicationSceneManifest_Generation = YES;
				INFOPLIST_KEY_UIApplicationSupportsIndirectInputEvents = YES;
				INFOPLIST_KEY_UILaunchScreen_Generation = YES;
				INFOPLIST_KEY_UISupportedInterfaceOrientations_iPad = "UIInterfaceOrientationPortrait UIInterfaceOrientationPortraitUpsideDown UIInterfaceOrientationLandscapeLeft UIInterfaceOrientationLandscapeRight";
				INFOPLIST_KEY_UISupportedInterfaceOrientations_iPhone = "UIInterfaceOrientationPortrait UIInterfaceOrientationLandscapeLeft UIInterfaceOrientationLandscapeRight";
				LD_RUNPATH_SEARCH_PATHS = (
					"$(inherited)",
					"@executable_path/Frameworks",
				);
				MARKETING_VERSION = 1.0;
				PRODUCT_BUNDLE_IDENTIFIER = sy.Just3Days;
				PRODUCT_NAME = "$(TARGET_NAME)";
				SWIFT_EMIT_LOC_STRINGS = YES;
				SWIFT_VERSION = 5.0;
				TARGETED_DEVICE_FAMILY = "1,2";
			};
			name = Release;
		};
		481724CD286C8451008237CF /* Debug */ = {
			isa = XCBuildConfiguration;
			buildSettings = {
				ALWAYS_EMBED_SWIFT_STANDARD_LIBRARIES = YES;
				BUNDLE_LOADER = "$(TEST_HOST)";
				CODE_SIGN_STYLE = Automatic;
				CURRENT_PROJECT_VERSION = 1;
				GENERATE_INFOPLIST_FILE = YES;
				IPHONEOS_DEPLOYMENT_TARGET = 15.2;
				MARKETING_VERSION = 1.0;
				PRODUCT_BUNDLE_IDENTIFIER = sy.Just3DaysTests;
				PRODUCT_NAME = "$(TARGET_NAME)";
				SWIFT_EMIT_LOC_STRINGS = NO;
				SWIFT_VERSION = 5.0;
				TARGETED_DEVICE_FAMILY = "1,2";
				TEST_HOST = "$(BUILT_PRODUCTS_DIR)/Just3Days.app/Just3Days";
			};
			name = Debug;
		};
		481724CE286C8451008237CF /* Release */ = {
			isa = XCBuildConfiguration;
			buildSettings = {
				ALWAYS_EMBED_SWIFT_STANDARD_LIBRARIES = YES;
				BUNDLE_LOADER = "$(TEST_HOST)";
				CODE_SIGN_STYLE = Automatic;
				CURRENT_PROJECT_VERSION = 1;
				GENERATE_INFOPLIST_FILE = YES;
				IPHONEOS_DEPLOYMENT_TARGET = 15.2;
				MARKETING_VERSION = 1.0;
				PRODUCT_BUNDLE_IDENTIFIER = sy.Just3DaysTests;
				PRODUCT_NAME = "$(TARGET_NAME)";
				SWIFT_EMIT_LOC_STRINGS = NO;
				SWIFT_VERSION = 5.0;
				TARGETED_DEVICE_FAMILY = "1,2";
				TEST_HOST = "$(BUILT_PRODUCTS_DIR)/Just3Days.app/Just3Days";
			};
			name = Release;
		};
		481724D0286C8451008237CF /* Debug */ = {
			isa = XCBuildConfiguration;
			buildSettings = {
				ALWAYS_EMBED_SWIFT_STANDARD_LIBRARIES = YES;
				CODE_SIGN_STYLE = Automatic;
				CURRENT_PROJECT_VERSION = 1;
				GENERATE_INFOPLIST_FILE = YES;
				MARKETING_VERSION = 1.0;
				PRODUCT_BUNDLE_IDENTIFIER = sy.Just3DaysUITests;
				PRODUCT_NAME = "$(TARGET_NAME)";
				SWIFT_EMIT_LOC_STRINGS = NO;
				SWIFT_VERSION = 5.0;
				TARGETED_DEVICE_FAMILY = "1,2";
				TEST_TARGET_NAME = Just3Days;
			};
			name = Debug;
		};
		481724D1286C8451008237CF /* Release */ = {
			isa = XCBuildConfiguration;
			buildSettings = {
				ALWAYS_EMBED_SWIFT_STANDARD_LIBRARIES = YES;
				CODE_SIGN_STYLE = Automatic;
				CURRENT_PROJECT_VERSION = 1;
				GENERATE_INFOPLIST_FILE = YES;
				MARKETING_VERSION = 1.0;
				PRODUCT_BUNDLE_IDENTIFIER = sy.Just3DaysUITests;
				PRODUCT_NAME = "$(TARGET_NAME)";
				SWIFT_EMIT_LOC_STRINGS = NO;
				SWIFT_VERSION = 5.0;
				TARGETED_DEVICE_FAMILY = "1,2";
				TEST_TARGET_NAME = Just3Days;
			};
			name = Release;
		};
/* End XCBuildConfiguration section */

/* Begin XCConfigurationList section */
		481724A0286C8450008237CF /* Build configuration list for PBXProject "Just3Days" */ = {
			isa = XCConfigurationList;
			buildConfigurations = (
				481724C7286C8451008237CF /* Debug */,
				481724C8286C8451008237CF /* Release */,
			);
			defaultConfigurationIsVisible = 0;
			defaultConfigurationName = Release;
		};
		481724C9286C8451008237CF /* Build configuration list for PBXNativeTarget "Just3Days" */ = {
			isa = XCConfigurationList;
			buildConfigurations = (
				481724CA286C8451008237CF /* Debug */,
				481724CB286C8451008237CF /* Release */,
			);
			defaultConfigurationIsVisible = 0;
			defaultConfigurationName = Release;
		};
		481724CC286C8451008237CF /* Build configuration list for PBXNativeTarget "Just3DaysTests" */ = {
			isa = XCConfigurationList;
			buildConfigurations = (
				481724CD286C8451008237CF /* Debug */,
				481724CE286C8451008237CF /* Release */,
			);
			defaultConfigurationIsVisible = 0;
			defaultConfigurationName = Release;
		};
		481724CF286C8451008237CF /* Build configuration list for PBXNativeTarget "Just3DaysUITests" */ = {
			isa = XCConfigurationList;
			buildConfigurations = (
				481724D0286C8451008237CF /* Debug */,
				481724D1286C8451008237CF /* Release */,
			);
			defaultConfigurationIsVisible = 0;
			defaultConfigurationName = Release;
		};
/* End XCConfigurationList section */
	};
	rootObject = 4817249D286C8450008237CF /* Project object */;
}
